// !$*UTF8*$!
{
	archiveVersion = 1;
	classes = {
	};
	objectVersion = 50;
	objects = {

/* Begin PBXBuildFile section */
		782FC5142393BEE200344654 /* AppDelegate.m in Sources */ = {isa = PBXBuildFile; fileRef = 782FC5132393BEE200344654 /* AppDelegate.m */; };
		782FC5172393BEE200344654 /* SceneDelegate.m in Sources */ = {isa = PBXBuildFile; fileRef = 782FC5162393BEE200344654 /* SceneDelegate.m */; };
		782FC51A2393BEE200344654 /* ViewController.m in Sources */ = {isa = PBXBuildFile; fileRef = 782FC5192393BEE200344654 /* ViewController.m */; };
		782FC51D2393BEE200344654 /* Main.storyboard in Resources */ = {isa = PBXBuildFile; fileRef = 782FC51B2393BEE200344654 /* Main.storyboard */; };
		782FC51F2393BEE300344654 /* Assets.xcassets in Resources */ = {isa = PBXBuildFile; fileRef = 782FC51E2393BEE300344654 /* Assets.xcassets */; };
		782FC5222393BEE300344654 /* LaunchScreen.storyboard in Resources */ = {isa = PBXBuildFile; fileRef = 782FC5202393BEE300344654 /* LaunchScreen.storyboard */; };
		782FC5252393BEE300344654 /* main.m in Sources */ = {isa = PBXBuildFile; fileRef = 782FC5242393BEE300344654 /* main.m */; };
/* End PBXBuildFile section */

/* Begin PBXFileReference section */
		782FC50F2393BEE100344654 /* HongbaoMusic.app */ = {isa = PBXFileReference; explicitFileType = wrapper.application; includeInIndex = 0; path = HongbaoMusic.app; sourceTree = BUILT_PRODUCTS_DIR; };
		782FC5122393BEE200344654 /* AppDelegate.h */ = {isa = PBXFileReference; lastKnownFileType = sourcecode.c.h; path = AppDelegate.h; sourceTree = "<group>"; };
		782FC5132393BEE200344654 /* AppDelegate.m */ = {isa = PBXFileReference; lastKnownFileType = sourcecode.c.objc; path = AppDelegate.m; sourceTree = "<group>"; };
		782FC5152393BEE200344654 /* SceneDelegate.h */ = {isa = PBXFileReference; lastKnownFileType = sourcecode.c.h; path = SceneDelegate.h; sourceTree = "<group>"; };
		782FC5162393BEE200344654 /* SceneDelegate.m */ = {isa = PBXFileReference; lastKnownFileType = sourcecode.c.objc; path = SceneDelegate.m; sourceTree = "<group>"; };
		782FC5182393BEE200344654 /* ViewController.h */ = {isa = PBXFileReference; lastKnownFileType = sourcecode.c.h; path = ViewController.h; sourceTree = "<group>"; };
		782FC5192393BEE200344654 /* ViewController.m */ = {isa = PBXFileReference; lastKnownFileType = sourcecode.c.objc; path = ViewController.m; sourceTree = "<group>"; };
		782FC51C2393BEE200344654 /* Base */ = {isa = PBXFileReference; lastKnownFileType = file.storyboard; name = Base; path = Base.lproj/Main.storyboard; sourceTree = "<group>"; };
		782FC51E2393BEE300344654 /* Assets.xcassets */ = {isa = PBXFileReference; lastKnownFileType = folder.assetcatalog; path = Assets.xcassets; sourceTree = "<group>"; };
		782FC5212393BEE300344654 /* Base */ = {isa = PBXFileReference; lastKnownFileType = file.storyboard; name = Base; path = Base.lproj/LaunchScreen.storyboard; sourceTree = "<group>"; };
		782FC5232393BEE300344654 /* Info.plist */ = {isa = PBXFileReference; lastKnownFileType = text.plist.xml; path = Info.plist; sourceTree = "<group>"; };
		782FC5242393BEE300344654 /* main.m */ = {isa = PBXFileReference; lastKnownFileType = sourcecode.c.objc; path = main.m; sourceTree = "<group>"; };
/* End PBXFileReference section */

/* Begin PBXFrameworksBuildPhase section */
		782FC50C2393BEE100344654 /* Frameworks */ = {
			isa = PBXFrameworksBuildPhase;
			buildActionMask = 2147483647;
			files = (
			);
			runOnlyForDeploymentPostprocessing = 0;
		};
/* End PBXFrameworksBuildPhase section */

/* Begin PBXGroup section */
		782FC5062393BEE100344654 = {
			isa = PBXGroup;
			children = (
				782FC5112393BEE200344654 /* HongbaoMusic */,
				782FC5102393BEE100344654 /* Products */,
			);
			sourceTree = "<group>";
		};
		782FC5102393BEE100344654 /* Products */ = {
			isa = PBXGroup;
			children = (
				782FC50F2393BEE100344654 /* HongbaoMusic.app */,
			);
			name = Products;
			sourceTree = "<group>";
		};
		782FC5112393BEE200344654 /* HongbaoMusic */ = {
			isa = PBXGroup;
			children = (
				782FC5122393BEE200344654 /* AppDelegate.h */,
				782FC5132393BEE200344654 /* AppDelegate.m */,
				782FC5152393BEE200344654 /* SceneDelegate.h */,
				782FC5162393BEE200344654 /* SceneDelegate.m */,
				782FC5182393BEE200344654 /* ViewController.h */,
				782FC5192393BEE200344654 /* ViewController.m */,
				782FC51B2393BEE200344654 /* Main.storyboard */,
				782FC51E2393BEE300344654 /* Assets.xcassets */,
				782FC5202393BEE300344654 /* LaunchScreen.storyboard */,
				782FC5232393BEE300344654 /* Info.plist */,
				782FC5242393BEE300344654 /* main.m */,
			);
			path = HongbaoMusic;
			sourceTree = "<group>";
		};
/* End PBXGroup section */

/* Begin PBXNativeTarget section */
		782FC50E2393BEE100344654 /* HongbaoMusic */ = {
			isa = PBXNativeTarget;
			buildConfigurationList = 782FC5282393BEE300344654 /* Build configuration list for PBXNativeTarget "HongbaoMusic" */;
			buildPhases = (
				782FC50B2393BEE100344654 /* Sources */,
				782FC50C2393BEE100344654 /* Frameworks */,
				782FC50D2393BEE100344654 /* Resources */,
			);
			buildRules = (
			);
			dependencies = (
			);
			name = HongbaoMusic;
			productName = HongbaoMusic;
			productReference = 782FC50F2393BEE100344654 /* HongbaoMusic.app */;
			productType = "com.apple.product-type.application";
		};
/* End PBXNativeTarget section */

/* Begin PBXProject section */
		782FC5072393BEE100344654 /* Project object */ = {
			isa = PBXProject;
			attributes = {
				LastUpgradeCheck = 1120;
				ORGANIZATIONNAME = JFChen;
				TargetAttributes = {
					782FC50E2393BEE100344654 = {
						CreatedOnToolsVersion = 11.2.1;
					};
				};
			};
			buildConfigurationList = 782FC50A2393BEE100344654 /* Build configuration list for PBXProject "HongbaoMusic" */;
			compatibilityVersion = "Xcode 9.3";
			developmentRegion = en;
			hasScannedForEncodings = 0;
			knownRegions = (
				en,
				Base,
			);
			mainGroup = 782FC5062393BEE100344654;
			productRefGroup = 782FC5102393BEE100344654 /* Products */;
			projectDirPath = "";
			projectRoot = "";
			targets = (
				782FC50E2393BEE100344654 /* HongbaoMusic */,
			);
		};
/* End PBXProject section */

/* Begin PBXResourcesBuildPhase section */
		782FC50D2393BEE100344654 /* Resources */ = {
			isa = PBXResourcesBuildPhase;
			buildActionMask = 2147483647;
			files = (
				782FC5222393BEE300344654 /* LaunchScreen.storyboard in Resources */,
				782FC51F2393BEE300344654 /* Assets.xcassets in Resources */,
				782FC51D2393BEE200344654 /* Main.storyboard in Resources */,
			);
			runOnlyForDeploymentPostprocessing = 0;
		};
/* End PBXResourcesBuildPhase section */

/* Begin PBXSourcesBuildPhase section */
		782FC50B2393BEE100344654 /* Sources */ = {
			isa = PBXSourcesBuildPhase;
			buildActionMask = 2147483647;
			files = (
				782FC51A2393BEE200344654 /* ViewController.m in Sources */,
				782FC5142393BEE200344654 /* AppDelegate.m in Sources */,
				782FC5252393BEE300344654 /* main.m in Sources */,
				782FC5172393BEE200344654 /* SceneDelegate.m in Sources */,
			);
			runOnlyForDeploymentPostprocessing = 0;
		};
/* End PBXSourcesBuildPhase section */

/* Begin PBXVariantGroup section */
		782FC51B2393BEE200344654 /* Main.storyboard */ = {
			isa = PBXVariantGroup;
			children = (
				782FC51C2393BEE200344654 /* Base */,
			);
			name = Main.storyboard;
			sourceTree = "<group>";
		};
		782FC5202393BEE300344654 /* LaunchScreen.storyboard */ = {
			isa = PBXVariantGroup;
			children = (
				782FC5212393BEE300344654 /* Base */,
			);
			name = LaunchScreen.storyboard;
			sourceTree = "<group>";
		};
/* End PBXVariantGroup section */

/* Begin XCBuildConfiguration section */
		782FC5262393BEE300344654 /* Debug */ = {
			isa = XCBuildConfiguration;
			buildSettings = {
				ALWAYS_SEARCH_USER_PATHS = NO;
				CLANG_ANALYZER_NONNULL = YES;
				CLANG_ANALYZER_NUMBER_OBJECT_CONVERSION = YES_AGGRESSIVE;
				CLANG_CXX_LANGUAGE_STANDARD = "gnu++14";
				CLANG_CXX_LIBRARY = "libc++";
				CLANG_ENABLE_MODULES = YES;
				CLANG_ENABLE_OBJC_ARC = YES;
				CLANG_ENABLE_OBJC_WEAK = YES;
				CLANG_WARN_BLOCK_CAPTURE_AUTORELEASING = YES;
				CLANG_WARN_BOOL_CONVERSION = YES;
				CLANG_WARN_COMMA = YES;
				CLANG_WARN_CONSTANT_CONVERSION = YES;
				CLANG_WARN_DEPRECATED_OBJC_IMPLEMENTATIONS = YES;
				CLANG_WARN_DIRECT_OBJC_ISA_USAGE = YES_ERROR;
				CLANG_WARN_DOCUMENTATION_COMMENTS = YES;
				CLANG_WARN_EMPTY_BODY = YES;
				CLANG_WARN_ENUM_CONVERSION = YES;
				CLANG_WARN_INFINITE_RECURSION = YES;
				CLANG_WARN_INT_CONVERSION = YES;
				CLANG_WARN_NON_LITERAL_NULL_CONVERSION = YES;
				CLANG_WARN_OBJC_IMPLICIT_RETAIN_SELF = YES;
				CLANG_WARN_OBJC_LITERAL_CONVERSION = YES;
				CLANG_WARN_OBJC_ROOT_CLASS = YES_ERROR;
				CLANG_WARN_RANGE_LOOP_ANALYSIS = YES;
				CLANG_WARN_STRICT_PROTOTYPES = YES;
				CLANG_WARN_SUSPICIOUS_MOVE = YES;
				CLANG_WARN_UNGUARDED_AVAILABILITY = YES_AGGRESSIVE;
				CLANG_WARN_UNREACHABLE_CODE = YES;
				CLANG_WARN__DUPLICATE_METHOD_MATCH = YES;
				COPY_PHASE_STRIP = NO;
				DEBUG_INFORMATION_FORMAT = dwarf;
				ENABLE_STRICT_OBJC_MSGSEND = YES;
				ENABLE_TESTABILITY = YES;
				GCC_C_LANGUAGE_STANDARD = gnu11;
				GCC_DYNAMIC_NO_PIC = NO;
				GCC_NO_COMMON_BLOCKS = YES;
				GCC_OPTIMIZATION_LEVEL = 0;
				GCC_PREPROCESSOR_DEFINITIONS = (
					"DEBUG=1",
					"$(inherited)",
				);
				GCC_WARN_64_TO_32_BIT_CONVERSION = YES;
				GCC_WARN_ABOUT_RETURN_TYPE = YES_ERROR;
				GCC_WARN_UNDECLARED_SELECTOR = YES;
				GCC_WARN_UNINITIALIZED_AUTOS = YES_AGGRESSIVE;
				GCC_WARN_UNUSED_FUNCTION = YES;
				GCC_WARN_UNUSED_VARIABLE = YES;
				IPHONEOS_DEPLOYMENT_TARGET = 13.2;
				MTL_ENABLE_DEBUG_INFO = INCLUDE_SOURCE;
				MTL_FAST_MATH = YES;
				ONLY_ACTIVE_ARCH = YES;
				SDKROOT = iphoneos;
			};
			name = Debug;
		};
		782FC5272393BEE300344654 /* Release */ = {
			isa = XCBuildConfiguration;
			buildSettings = {
				ALWAYS_SEARCH_USER_PATHS = NO;
				CLANG_ANALYZER_NONNULL = YES;
				CLANG_ANALYZER_NUMBER_OBJECT_CONVERSION = YES_AGGRESSIVE;
				CLANG_CXX_LANGUAGE_STANDARD = "gnu++14";
				CLANG_CXX_LIBRARY = "libc++";
				CLANG_ENABLE_MODULES = YES;
				CLANG_ENABLE_OBJC_ARC = YES;
				CLANG_ENABLE_OBJC_WEAK = YES;
				CLANG_WARN_BLOCK_CAPTURE_AUTORELEASING = YES;
				CLANG_WARN_BOOL_CONVERSION = YES;
				CLANG_WARN_COMMA = YES;
				CLANG_WARN_CONSTANT_CONVERSION = YES;
				CLANG_WARN_DEPRECATED_OBJC_IMPLEMENTATIONS = YES;
				CLANG_WARN_DIRECT_OBJC_ISA_USAGE = YES_ERROR;
				CLANG_WARN_DOCUMENTATION_COMMENTS = YES;
				CLANG_WARN_EMPTY_BODY = YES;
				CLANG_WARN_ENUM_CONVERSION = YES;
				CLANG_WARN_INFINITE_RECURSION = YES;
				CLANG_WARN_INT_CONVERSION = YES;
				CLANG_WARN_NON_LITERAL_NULL_CONVERSION = YES;
				CLANG_WARN_OBJC_IMPLICIT_RETAIN_SELF = YES;
				CLANG_WARN_OBJC_LITERAL_CONVERSION = YES;
				CLANG_WARN_OBJC_ROOT_CLASS = YES_ERROR;
				CLANG_WARN_RANGE_LOOP_ANALYSIS = YES;
				CLANG_WARN_STRICT_PROTOTYPES = YES;
				CLANG_WARN_SUSPICIOUS_MOVE = YES;
				CLANG_WARN_UNGUARDED_AVAILABILITY = YES_AGGRESSIVE;
				CLANG_WARN_UNREACHABLE_CODE = YES;
				CLANG_WARN__DUPLICATE_METHOD_MATCH = YES;
				COPY_PHASE_STRIP = NO;
				DEBUG_INFORMATION_FORMAT = "dwarf-with-dsym";
				ENABLE_NS_ASSERTIONS = NO;
				ENABLE_STRICT_OBJC_MSGSEND = YES;
				GCC_C_LANGUAGE_STANDARD = gnu11;
				GCC_NO_COMMON_BLOCKS = YES;
				GCC_WARN_64_TO_32_BIT_CONVERSION = YES;
				GCC_WARN_ABOUT_RETURN_TYPE = YES_ERROR;
				GCC_WARN_UNDECLARED_SELECTOR = YES;
				GCC_WARN_UNINITIALIZED_AUTOS = YES_AGGRESSIVE;
				GCC_WARN_UNUSED_FUNCTION = YES;
				GCC_WARN_UNUSED_VARIABLE = YES;
				IPHONEOS_DEPLOYMENT_TARGET = 13.2;
				MTL_ENABLE_DEBUG_INFO = NO;
				MTL_FAST_MATH = YES;
				SDKROOT = iphoneos;
				VALIDATE_PRODUCT = YES;
			};
			name = Release;
		};
		782FC5292393BEE300344654 /* Debug */ = {
			isa = XCBuildConfiguration;
			buildSettings = {
				ASSETCATALOG_COMPILER_APPICON_NAME = AppIcon;
				CODE_SIGN_STYLE = Automatic;
				DEVELOPMENT_TEAM = RUDNP34A78;
				INFOPLIST_FILE = HongbaoMusic/Info.plist;
				IPHONEOS_DEPLOYMENT_TARGET = 9.0;
				LD_RUNPATH_SEARCH_PATHS = (
					"$(inherited)",
					"@executable_path/Frameworks",
				);
				PRODUCT_BUNDLE_IDENTIFIER = com.jianfengmac.HongbaoMusic;
				PRODUCT_NAME = "$(TARGET_NAME)";
				TARGETED_DEVICE_FAMILY = 1;
			};
			name = Debug;
		};
		782FC52A2393BEE300344654 /* Release */ = {
			isa = XCBuildConfiguration;
			buildSettings = {
				ASSETCATALOG_COMPILER_APPICON_NAME = AppIcon;
				CODE_SIGN_STYLE = Automatic;
				DEVELOPMENT_TEAM = RUDNP34A78;
				INFOPLIST_FILE = HongbaoMusic/Info.plist;
				IPHONEOS_DEPLOYMENT_TARGET = 9.0;
				LD_RUNPATH_SEARCH_PATHS = (
					"$(inherited)",
					"@executable_path/Frameworks",
				);
				PRODUCT_BUNDLE_IDENTIFIER = com.jianfengmac.HongbaoMusic;
				PRODUCT_NAME = "$(TARGET_NAME)";
				TARGETED_DEVICE_FAMILY = 1;
			};
			name = Release;
		};
/* End XCBuildConfiguration section */

/* Begin XCConfigurationList section */
		782FC50A2393BEE100344654 /* Build configuration list for PBXProject "HongbaoMusic" */ = {
			isa = XCConfigurationList;
			buildConfigurations = (
				782FC5262393BEE300344654 /* Debug */,
				782FC5272393BEE300344654 /* Release */,
			);
			defaultConfigurationIsVisible = 0;
			defaultConfigurationName = Release;
		};
		782FC5282393BEE300344654 /* Build configuration list for PBXNativeTarget "HongbaoMusic" */ = {
			isa = XCConfigurationList;
			buildConfigurations = (
				782FC5292393BEE300344654 /* Debug */,
				782FC52A2393BEE300344654 /* Release */,
			);
			defaultConfigurationIsVisible = 0;
			defaultConfigurationName = Release;
		};
/* End XCConfigurationList section */
	};
	rootObject = 782FC5072393BEE100344654 /* Project object */;
}
